Microsoft Visual Studio Solution File, Format Version 12.00
# Visual Studio 2012
Project("{FAE04EC0-301F-11D3-BF4B-00C04F79EFBC}") = "TimeWizard", "TimeWizard.csproj", "{989AFBCC-ED3E-4E5F-A6B0-EC2BBB0F6113}"
EndProject
Global
	GlobalSection(SolutionConfigurationPlatforms) = preSolution
	Debug|Any CPU = Debug|Any CPU
	ExportDebug|Any CPU = ExportDebug|Any CPU
	ExportRelease|Any CPU = ExportRelease|Any CPU
	EndGlobalSection
	GlobalSection(ProjectConfigurationPlatforms) = postSolution
		{989AFBCC-ED3E-4E5F-A6B0-EC2BBB0F6113}.Debug|Any CPU.ActiveCfg = Debug|Any CPU
		{989AFBCC-ED3E-4E5F-A6B0-EC2BBB0F6113}.Debug|Any CPU.Build.0 = Debug|Any CPU
		{989AFBCC-ED3E-4E5F-A6B0-EC2BBB0F6113}.ExportDebug|Any CPU.ActiveCfg = ExportDebug|Any CPU
		{989AFBCC-ED3E-4E5F-A6B0-EC2BBB0F6113}.ExportDebug|Any CPU.Build.0 = ExportDebug|Any CPU
		{989AFBCC-ED3E-4E5F-A6B0-EC2BBB0F6113}.ExportRelease|Any CPU.ActiveCfg = ExportRelease|Any CPU
		{989AFBCC-ED3E-4E5F-A6B0-EC2BBB0F6113}.ExportRelease|Any CPU.Build.0 = ExportRelease|Any CPU
	EndGlobalSection
EndGlobal
